
Microsoft Visual Studio Solution File, Format Version 12.00
# Visual Studio 15
VisualStudioVersion = 15.0.26124.0
MinimumVisualStudioVersion = 15.0.26124.0
Project("{FAE04EC0-301F-11D3-BF4B-00C04F79EFBC}") = "SolarCoffee.Data", "SolarCoffee.Data\SolarCoffee.Data.csproj", "{1BF4117D-C131-4D73-A34E-A4031EC77961}"
EndProject
Project("{FAE04EC0-301F-11D3-BF4B-00C04F79EFBC}") = "SolarCoffee.Services", "SolarCoffee.Services\SolarCoffee.Services.csproj", "{3E6D6CDD-75F1-40C4-89B0-CAF7F104A50C}"
EndProject
Project("{FAE04EC0-301F-11D3-BF4B-00C04F79EFBC}") = "SolarCoffee.Test", "SolarCoffee.Test\SolarCoffee.Test.csproj", "{C194D442-57C5-4933-94F9-D87834A363C9}"
EndProject
Project("{FAE04EC0-301F-11D3-BF4B-00C04F79EFBC}") = "SolarCoffee.Web", "SolarCoffee.Web\SolarCoffee.Web.csproj", "{166EC6EA-C3F7-4B18-8E7A-A8EC4C4EF16A}"
EndProject
Global
	GlobalSection(SolutionConfigurationPlatforms) = preSolution
		Debug|Any CPU = Debug|Any CPU
		Debug|x64 = Debug|x64
		Debug|x86 = Debug|x86
		Release|Any CPU = Release|Any CPU
		Release|x64 = Release|x64
		Release|x86 = Release|x86
	EndGlobalSection
	GlobalSection(SolutionProperties) = preSolution
		HideSolutionNode = FALSE
	EndGlobalSection
	GlobalSection(ProjectConfigurationPlatforms) = postSolution
		{1BF4117D-C131-4D73-A34E-A4031EC77961}.Debug|Any CPU.ActiveCfg = Debug|Any CPU
		{1BF4117D-C131-4D73-A34E-A4031EC77961}.Debug|Any CPU.Build.0 = Debug|Any CPU
		{1BF4117D-C131-4D73-A34E-A4031EC77961}.Debug|x64.ActiveCfg = Debug|Any CPU
		{1BF4117D-C131-4D73-A34E-A4031EC77961}.Debug|x64.Build.0 = Debug|Any CPU
		{1BF4117D-C131-4D73-A34E-A4031EC77961}.Debug|x86.ActiveCfg = Debug|Any CPU
		{1BF4117D-C131-4D73-A34E-A4031EC77961}.Debug|x86.Build.0 = Debug|Any CPU
		{1BF4117D-C131-4D73-A34E-A4031EC77961}.Release|Any CPU.ActiveCfg = Release|Any CPU
		{1BF4117D-C131-4D73-A34E-A4031EC77961}.Release|Any CPU.Build.0 = Release|Any CPU
		{1BF4117D-C131-4D73-A34E-A4031EC77961}.Release|x64.ActiveCfg = Release|Any CPU
		{1BF4117D-C131-4D73-A34E-A4031EC77961}.Release|x64.Build.0 = Release|Any CPU
		{1BF4117D-C131-4D73-A34E-A4031EC77961}.Release|x86.ActiveCfg = Release|Any CPU
		{1BF4117D-C131-4D73-A34E-A4031EC77961}.Release|x86.Build.0 = Release|Any CPU
		{3E6D6CDD-75F1-40C4-89B0-CAF7F104A50C}.Debug|Any CPU.ActiveCfg = Debug|Any CPU
		{3E6D6CDD-75F1-40C4-89B0-CAF7F104A50C}.Debug|Any CPU.Build.0 = Debug|Any CPU
		{3E6D6CDD-75F1-40C4-89B0-CAF7F104A50C}.Debug|x64.ActiveCfg = Debug|Any CPU
		{3E6D6CDD-75F1-40C4-89B0-CAF7F104A50C}.Debug|x64.Build.0 = Debug|Any CPU
		{3E6D6CDD-75F1-40C4-89B0-CAF7F104A50C}.Debug|x86.ActiveCfg = Debug|Any CPU
		{3E6D6CDD-75F1-40C4-89B0-CAF7F104A50C}.Debug|x86.Build.0 = Debug|Any CPU
		{3E6D6CDD-75F1-40C4-89B0-CAF7F104A50C}.Release|Any CPU.ActiveCfg = Release|Any CPU
		{3E6D6CDD-75F1-40C4-89B0-CAF7F104A50C}.Release|Any CPU.Build.0 = Release|Any CPU
		{3E6D6CDD-75F1-40C4-89B0-CAF7F104A50C}.Release|x64.ActiveCfg = Release|Any CPU
		{3E6D6CDD-75F1-40C4-89B0-CAF7F104A50C}.Release|x64.Build.0 = Release|Any CPU
		{3E6D6CDD-75F1-40C4-89B0-CAF7F104A50C}.Release|x86.ActiveCfg = Release|Any CPU
		{3E6D6CDD-75F1-40C4-89B0-CAF7F104A50C}.Release|x86.Build.0 = Release|Any CPU
		{C194D442-57C5-4933-94F9-D87834A363C9}.Debug|Any CPU.ActiveCfg = Debug|Any CPU
		{C194D442-57C5-4933-94F9-D87834A363C9}.Debug|Any CPU.Build.0 = Debug|Any CPU
		{C194D442-57C5-4933-94F9-D87834A363C9}.Debug|x64.ActiveCfg = Debug|Any CPU
		{C194D442-57C5-4933-94F9-D87834A363C9}.Debug|x64.Build.0 = Debug|Any CPU
		{C194D442-57C5-4933-94F9-D87834A363C9}.Debug|x86.ActiveCfg = Debug|Any CPU
		{C194D442-57C5-4933-94F9-D87834A363C9}.Debug|x86.Build.0 = Debug|Any CPU
		{C194D442-57C5-4933-94F9-D87834A363C9}.Release|Any CPU.ActiveCfg = Release|Any CPU
		{C194D442-57C5-4933-94F9-D87834A363C9}.Release|Any CPU.Build.0 = Release|Any CPU
		{C194D442-57C5-4933-94F9-D87834A363C9}.Release|x64.ActiveCfg = Release|Any CPU
		{C194D442-57C5-4933-94F9-D87834A363C9}.Release|x64.Build.0 = Release|Any CPU
		{C194D442-57C5-4933-94F9-D87834A363C9}.Release|x86.ActiveCfg = Release|Any CPU
		{C194D442-57C5-4933-94F9-D87834A363C9}.Release|x86.Build.0 = Release|Any CPU
		{166EC6EA-C3F7-4B18-8E7A-A8EC4C4EF16A}.Debug|Any CPU.ActiveCfg = Debug|Any CPU
		{166EC6EA-C3F7-4B18-8E7A-A8EC4C4EF16A}.Debug|Any CPU.Build.0 = Debug|Any CPU
		{166EC6EA-C3F7-4B18-8E7A-A8EC4C4EF16A}.Debug|x64.ActiveCfg = Debug|Any CPU
		{166EC6EA-C3F7-4B18-8E7A-A8EC4C4EF16A}.Debug|x64.Build.0 = Debug|Any CPU
		{166EC6EA-C3F7-4B18-8E7A-A8EC4C4EF16A}.Debug|x86.ActiveCfg = Debug|Any CPU
		{166EC6EA-C3F7-4B18-8E7A-A8EC4C4EF16A}.Debug|x86.Build.0 = Debug|Any CPU
		{166EC6EA-C3F7-4B18-8E7A-A8EC4C4EF16A}.Release|Any CPU.ActiveCfg = Release|Any CPU
		{166EC6EA-C3F7-4B18-8E7A-A8EC4C4EF16A}.Release|Any CPU.Build.0 = Release|Any CPU
		{166EC6EA-C3F7-4B18-8E7A-A8EC4C4EF16A}.Release|x64.ActiveCfg = Release|Any CPU
		{166EC6EA-C3F7-4B18-8E7A-A8EC4C4EF16A}.Release|x64.Build.0 = Release|Any CPU
		{166EC6EA-C3F7-4B18-8E7A-A8EC4C4EF16A}.Release|x86.ActiveCfg = Release|Any CPU
		{166EC6EA-C3F7-4B18-8E7A-A8EC4C4EF16A}.Release|x86.Build.0 = Release|Any CPU
	EndGlobalSection
EndGlobal
